
Microsoft Visual Studio Solution File, Format Version 12.00
# Visual Studio Version 16
VisualStudioVersion = 16.0.34114.132
MinimumVisualStudioVersion = 10.0.40219.1
Project("{2150E333-8FDC-42A3-9474-1A3956D46DE8}") = "Task0", "Task0", "{6905151E-67BD-4B7D-B5B1-2E76EA3BB588}"
EndProject
Project("{FAE04EC0-301F-11D3-BF4B-00C04F79EFBC}") = "Tyuiu.AgafonovKS.Sprint6.Task0.V11.Lib", "Tyuiu.AgafonovKS.Sprint6.Task0.V11.Lib\Tyuiu.AgafonovKS.Sprint6.Task0.V11.Lib.csproj", "{B0D5ADAC-FDC8-4D52-98FF-90FDD9317091}"
EndProject
Project("{FAE04EC0-301F-11D3-BF4B-00C04F79EFBC}") = "Tyuiu.AgafonovKS.Sprint6.Task0.V11.Test", "Tyuiu.AgafonovKS.Sprint6.Task0.V11.Test\Tyuiu.AgafonovKS.Sprint6.Task0.V11.Test.csproj", "{17A304BF-7001-4499-A681-0153EB96C571}"
EndProject
Project("{FAE04EC0-301F-11D3-BF4B-00C04F79EFBC}") = "Tyuiu.AgafonovKS.Sprint6.Task0.V11", "Tyuiu.AgafonovKS.Sprint6.Task0.V11\Tyuiu.AgafonovKS.Sprint6.Task0.V11.csproj", "{09105746-2A27-456F-8CDB-3946B96DFA77}"
EndProject
Project("{2150E333-8FDC-42A3-9474-1A3956D46DE8}") = "Task1", "Task1", "{31BB9238-289C-4ED4-BAB4-ADE7BE28A208}"
EndProject
Project("{FAE04EC0-301F-11D3-BF4B-00C04F79EFBC}") = "Tyuiu.AgafonovKS.Sprint6.Task1.V4.Lib", "Tyuiu.AgafonovKS.Sprint6.Task1.V4.Lib\Tyuiu.AgafonovKS.Sprint6.Task1.V4.Lib.csproj", "{9C600358-6ABE-40B2-88FA-5594B672BAF3}"
EndProject
Project("{FAE04EC0-301F-11D3-BF4B-00C04F79EFBC}") = "Tyuiu.AgafonovKS.Sprint6.Task1.V4.Test", "Tyuiu.AgafonovKS.Sprint6.Task1.V4.Test\Tyuiu.AgafonovKS.Sprint6.Task1.V4.Test.csproj", "{30269EE4-F5CD-4F15-92FB-7BE242D1D492}"
EndProject
Project("{FAE04EC0-301F-11D3-BF4B-00C04F79EFBC}") = "Tyuiu.AgafonovKS.Sprint6.Task1.V4", "Tyuiu.AgafonovKS.Sprint6.Task1.V4\Tyuiu.AgafonovKS.Sprint6.Task1.V4.csproj", "{C8D68E58-3290-45BB-8360-228F8959922E}"
EndProject
Project("{2150E333-8FDC-42A3-9474-1A3956D46DE8}") = "Task2", "Task2", "{E3D28FB3-381F-4CFE-8AF0-ABF1A3517A4F}"
EndProject
Project("{FAE04EC0-301F-11D3-BF4B-00C04F79EFBC}") = "Tyuiu.AgafonovKS.Sprint6.Task2.V29.Lib", "Tyuiu.AgafonovKS.Sprint6.Task2.V29.Lib\Tyuiu.AgafonovKS.Sprint6.Task2.V29.Lib.csproj", "{F58818F7-A40C-4840-87F4-E9A44C0F044E}"
EndProject
Project("{FAE04EC0-301F-11D3-BF4B-00C04F79EFBC}") = "Tyuiu.AgafonovKS.Sprint6.Task2.V29.Test", "Tyuiu.AgafonovKS.Sprint6.Task2.V29.Test\Tyuiu.AgafonovKS.Sprint6.Task2.V29.Test.csproj", "{F554E364-D890-4C51-9CCE-F82EC0CD4E13}"
EndProject
Project("{FAE04EC0-301F-11D3-BF4B-00C04F79EFBC}") = "Tyuiu.AgafonovKS.Sprint6.Task2.V29", "Tyuiu.AgafonovKS.Sprint6.Task2.V29\Tyuiu.AgafonovKS.Sprint6.Task2.V29.csproj", "{4009170C-1B33-457E-B760-1A37B2BBBC23}"
EndProject
Project("{2150E333-8FDC-42A3-9474-1A3956D46DE8}") = "Task3", "Task3", "{488E393B-FC66-4333-AC40-3191C7DB359A}"
EndProject
Project("{FAE04EC0-301F-11D3-BF4B-00C04F79EFBC}") = "Tyuiu.AgafonovKS.Sprint6.Task3.V15.Lib", "Tyuiu.AgafonovKS.Sprint6.Task3.V15.Lib\Tyuiu.AgafonovKS.Sprint6.Task3.V15.Lib.csproj", "{C2DAD904-5566-4F81-B49A-CA3C4C94C7B7}"
EndProject
Project("{FAE04EC0-301F-11D3-BF4B-00C04F79EFBC}") = "Tyuiu.AgafonovKS.Sprint6.Task3.V15.Test", "Tyuiu.AgafonovKS.Sprint6.Task3.V15.Test\Tyuiu.AgafonovKS.Sprint6.Task3.V15.Test.csproj", "{9A442738-2087-4B1A-B22C-818C754078DC}"
EndProject
Project("{FAE04EC0-301F-11D3-BF4B-00C04F79EFBC}") = "Tyuiu.AgafonovKS.Sprint6.Task3.V15", "Tyuiu.AgafonovKS.Sprint6.Task3.V15\Tyuiu.AgafonovKS.Sprint6.Task3.V15.csproj", "{6C4B99B4-0C0C-4AD8-BD27-812EAA1C77B3}"
EndProject
Project("{2150E333-8FDC-42A3-9474-1A3956D46DE8}") = "Task4", "Task4", "{7A219D9A-3B2A-4308-97BD-21813B281394}"
EndProject
Project("{FAE04EC0-301F-11D3-BF4B-00C04F79EFBC}") = "Tyuiu.AgafonovKS.Sprint6.Task4.V22.Lib", "Tyuiu.AgafonovKS.Sprint6.Task4.V22.Lib\Tyuiu.AgafonovKS.Sprint6.Task4.V22.Lib.csproj", "{032B1BD4-04DD-4601-B48B-861513DD764F}"
EndProject
Project("{FAE04EC0-301F-11D3-BF4B-00C04F79EFBC}") = "Tyuiu.AgafonovKS.Sprint6.Task4.V22.Test", "Tyuiu.AgafonovKS.Sprint6.Task4.V22.Test\Tyuiu.AgafonovKS.Sprint6.Task4.V22.Test.csproj", "{3830A9CE-6ABA-4169-AF85-3965C9DCB45E}"
EndProject
Project("{FAE04EC0-301F-11D3-BF4B-00C04F79EFBC}") = "Tyuiu.AgafonovKS.Sprint6.Task4.V22", "Tyuiu.AgafonovKS.Sprint6.Task4.V22\Tyuiu.AgafonovKS.Sprint6.Task4.V22.csproj", "{12FD3E76-FD51-44C9-B5AE-EEA38040EDA0}"
EndProject
Project("{2150E333-8FDC-42A3-9474-1A3956D46DE8}") = "Task5", "Task5", "{8A87BD90-3209-4215-9A45-EC01A05C15D7}"
EndProject
Project("{FAE04EC0-301F-11D3-BF4B-00C04F79EFBC}") = "Tyuiu.AgafonovKS.Sprint6.Task5.V25", "Tyuiu.AgafonovKS.Sprint6.Task5.V25\Tyuiu.AgafonovKS.Sprint6.Task5.V25.csproj", "{723142D4-07AD-45E0-8804-830C04D755AA}"
EndProject
Project("{FAE04EC0-301F-11D3-BF4B-00C04F79EFBC}") = "Tyuiu.AgafonovKS.Sprint6.Task5.V25.Lib", "Tyuiu.AgafonovKS.Sprint6.Task5.V25.Lib\Tyuiu.AgafonovKS.Sprint6.Task5.V25.Lib.csproj", "{AF834FE2-202F-4ECF-8883-51BD0574E731}"
EndProject
Project("{FAE04EC0-301F-11D3-BF4B-00C04F79EFBC}") = "Tyuiu.AgafonovKS.Sprint6.Task5.V25.Test", "Tyuiu.AgafonovKS.Sprint6.Task5.V25.Test\Tyuiu.AgafonovKS.Sprint6.Task5.V25.Test.csproj", "{30BE0834-D57C-45D2-BB4C-A949F9D87AB8}"
EndProject
Project("{2150E333-8FDC-42A3-9474-1A3956D46DE8}") = "Task6", "Task6", "{D3704048-9848-42EB-AA8B-9A8267732A4E}"
EndProject
Project("{FAE04EC0-301F-11D3-BF4B-00C04F79EFBC}") = "Tyuiu.AgafonovKS.Sprint6.Task6.V18.Test", "Tyuiu.AgafonovKS.Sprint6.Task6.V18.Test\Tyuiu.AgafonovKS.Sprint6.Task6.V18.Test.csproj", "{F1149FF1-AF19-45B5-91B8-2FCDED8B18D5}"
EndProject
Project("{FAE04EC0-301F-11D3-BF4B-00C04F79EFBC}") = "Tyuiu.AgafonovKS.Sprint6.Task6.V18.Lib", "Tyuiu.AgafonovKS.Sprint6.Task6.V18.Lib\Tyuiu.AgafonovKS.Sprint6.Task6.V18.Lib.csproj", "{03F5975E-6923-43CC-B975-928F87A873E7}"
EndProject
Project("{FAE04EC0-301F-11D3-BF4B-00C04F79EFBC}") = "Tyuiu.AgafonovKS.Sprint6.Task6.V18", "Tyuiu.AgafonovKS.Sprint6.Task6.V18\Tyuiu.AgafonovKS.Sprint6.Task6.V18.csproj", "{6CAF9D98-184B-467E-8CB0-F1FD5B0F0CB7}"
EndProject
Project("{2150E333-8FDC-42A3-9474-1A3956D46DE8}") = "Task7", "Task7", "{C2269E5E-87E4-45FA-948E-448A435AEE73}"
EndProject
Project("{FAE04EC0-301F-11D3-BF4B-00C04F79EFBC}") = "Tyuiu.AgafonovKS.Sprint6.Task7.V16.Lib", "Tyuiu.AgafonovKS.Sprint6.Task7.V16.Lib\Tyuiu.AgafonovKS.Sprint6.Task7.V16.Lib.csproj", "{F512B819-6A1A-410E-9AEE-11A3BF04A7C9}"
EndProject
Project("{FAE04EC0-301F-11D3-BF4B-00C04F79EFBC}") = "Tyuiu.AgafonovKS.Sprint6.Task7.V16.Test", "Tyuiu.AgafonovKS.Sprint6.Task7.V16.Test\Tyuiu.AgafonovKS.Sprint6.Task7.V16.Test.csproj", "{31BBDBD7-3DF9-4C32-ADB0-4F5FACEE25CF}"
EndProject
Project("{FAE04EC0-301F-11D3-BF4B-00C04F79EFBC}") = "Tyuiu.AgafonovKS.Sprint6.Task7.V16", "Tyuiu.AgafonovKS.Sprint6.Task7.V16\Tyuiu.AgafonovKS.Sprint6.Task7.V16.csproj", "{C8E4A389-DC1C-4FE5-944D-FD9614A2841F}"
EndProject
Global
	GlobalSection(SolutionConfigurationPlatforms) = preSolution
		Debug|Any CPU = Debug|Any CPU
		Release|Any CPU = Release|Any CPU
	EndGlobalSection
	GlobalSection(ProjectConfigurationPlatforms) = postSolution
		{B0D5ADAC-FDC8-4D52-98FF-90FDD9317091}.Debug|Any CPU.ActiveCfg = Debug|Any CPU
		{B0D5ADAC-FDC8-4D52-98FF-90FDD9317091}.Debug|Any CPU.Build.0 = Debug|Any CPU
		{B0D5ADAC-FDC8-4D52-98FF-90FDD9317091}.Release|Any CPU.ActiveCfg = Release|Any CPU
		{B0D5ADAC-FDC8-4D52-98FF-90FDD9317091}.Release|Any CPU.Build.0 = Release|Any CPU
		{17A304BF-7001-4499-A681-0153EB96C571}.Debug|Any CPU.ActiveCfg = Debug|Any CPU
		{17A304BF-7001-4499-A681-0153EB96C571}.Debug|Any CPU.Build.0 = Debug|Any CPU
		{17A304BF-7001-4499-A681-0153EB96C571}.Release|Any CPU.ActiveCfg = Release|Any CPU
		{17A304BF-7001-4499-A681-0153EB96C571}.Release|Any CPU.Build.0 = Release|Any CPU
		{09105746-2A27-456F-8CDB-3946B96DFA77}.Debug|Any CPU.ActiveCfg = Debug|Any CPU
		{09105746-2A27-456F-8CDB-3946B96DFA77}.Debug|Any CPU.Build.0 = Debug|Any CPU
		{09105746-2A27-456F-8CDB-3946B96DFA77}.Release|Any CPU.ActiveCfg = Release|Any CPU
		{09105746-2A27-456F-8CDB-3946B96DFA77}.Release|Any CPU.Build.0 = Release|Any CPU
		{9C600358-6ABE-40B2-88FA-5594B672BAF3}.Debug|Any CPU.ActiveCfg = Debug|Any CPU
		{9C600358-6ABE-40B2-88FA-5594B672BAF3}.Debug|Any CPU.Build.0 = Debug|Any CPU
		{9C600358-6ABE-40B2-88FA-5594B672BAF3}.Release|Any CPU.ActiveCfg = Release|Any CPU
		{9C600358-6ABE-40B2-88FA-5594B672BAF3}.Release|Any CPU.Build.0 = Release|Any CPU
		{30269EE4-F5CD-4F15-92FB-7BE242D1D492}.Debug|Any CPU.ActiveCfg = Debug|Any CPU
		{30269EE4-F5CD-4F15-92FB-7BE242D1D492}.Debug|Any CPU.Build.0 = Debug|Any CPU
		{30269EE4-F5CD-4F15-92FB-7BE242D1D492}.Release|Any CPU.ActiveCfg = Release|Any CPU
		{30269EE4-F5CD-4F15-92FB-7BE242D1D492}.Release|Any CPU.Build.0 = Release|Any CPU
		{C8D68E58-3290-45BB-8360-228F8959922E}.Debug|Any CPU.ActiveCfg = Debug|Any CPU
		{C8D68E58-3290-45BB-8360-228F8959922E}.Debug|Any CPU.Build.0 = Debug|Any CPU
		{C8D68E58-3290-45BB-8360-228F8959922E}.Release|Any CPU.ActiveCfg = Release|Any CPU
		{C8D68E58-3290-45BB-8360-228F8959922E}.Release|Any CPU.Build.0 = Release|Any CPU
		{F58818F7-A40C-4840-87F4-E9A44C0F044E}.Debug|Any CPU.ActiveCfg = Debug|Any CPU
		{F58818F7-A40C-4840-87F4-E9A44C0F044E}.Debug|Any CPU.Build.0 = Debug|Any CPU
		{F58818F7-A40C-4840-87F4-E9A44C0F044E}.Release|Any CPU.ActiveCfg = Release|Any CPU
		{F58818F7-A40C-4840-87F4-E9A44C0F044E}.Release|Any CPU.Build.0 = Release|Any CPU
		{F554E364-D890-4C51-9CCE-F82EC0CD4E13}.Debug|Any CPU.ActiveCfg = Debug|Any CPU
		{F554E364-D890-4C51-9CCE-F82EC0CD4E13}.Debug|Any CPU.Build.0 = Debug|Any CPU
		{F554E364-D890-4C51-9CCE-F82EC0CD4E13}.Release|Any CPU.ActiveCfg = Release|Any CPU
		{F554E364-D890-4C51-9CCE-F82EC0CD4E13}.Release|Any CPU.Build.0 = Release|Any CPU
		{4009170C-1B33-457E-B760-1A37B2BBBC23}.Debug|Any CPU.ActiveCfg = Debug|Any CPU
		{4009170C-1B33-457E-B760-1A37B2BBBC23}.Debug|Any CPU.Build.0 = Debug|Any CPU
		{4009170C-1B33-457E-B760-1A37B2BBBC23}.Release|Any CPU.ActiveCfg = Release|Any CPU
		{4009170C-1B33-457E-B760-1A37B2BBBC23}.Release|Any CPU.Build.0 = Release|Any CPU
		{C2DAD904-5566-4F81-B49A-CA3C4C94C7B7}.Debug|Any CPU.ActiveCfg = Debug|Any CPU
		{C2DAD904-5566-4F81-B49A-CA3C4C94C7B7}.Debug|Any CPU.Build.0 = Debug|Any CPU
		{C2DAD904-5566-4F81-B49A-CA3C4C94C7B7}.Release|Any CPU.ActiveCfg = Release|Any CPU
		{C2DAD904-5566-4F81-B49A-CA3C4C94C7B7}.Release|Any CPU.Build.0 = Release|Any CPU
		{9A442738-2087-4B1A-B22C-818C754078DC}.Debug|Any CPU.ActiveCfg = Debug|Any CPU
		{9A442738-2087-4B1A-B22C-818C754078DC}.Debug|Any CPU.Build.0 = Debug|Any CPU
		{9A442738-2087-4B1A-B22C-818C754078DC}.Release|Any CPU.ActiveCfg = Release|Any CPU
		{9A442738-2087-4B1A-B22C-818C754078DC}.Release|Any CPU.Build.0 = Release|Any CPU
		{6C4B99B4-0C0C-4AD8-BD27-812EAA1C77B3}.Debug|Any CPU.ActiveCfg = Debug|Any CPU
		{6C4B99B4-0C0C-4AD8-BD27-812EAA1C77B3}.Debug|Any CPU.Build.0 = Debug|Any CPU
		{6C4B99B4-0C0C-4AD8-BD27-812EAA1C77B3}.Release|Any CPU.ActiveCfg = Release|Any CPU
		{6C4B99B4-0C0C-4AD8-BD27-812EAA1C77B3}.Release|Any CPU.Build.0 = Release|Any CPU
		{032B1BD4-04DD-4601-B48B-861513DD764F}.Debug|Any CPU.ActiveCfg = Debug|Any CPU
		{032B1BD4-04DD-4601-B48B-861513DD764F}.Debug|Any CPU.Build.0 = Debug|Any CPU
		{032B1BD4-04DD-4601-B48B-861513DD764F}.Release|Any CPU.ActiveCfg = Release|Any CPU
		{032B1BD4-04DD-4601-B48B-861513DD764F}.Release|Any CPU.Build.0 = Release|Any CPU
		{3830A9CE-6ABA-4169-AF85-3965C9DCB45E}.Debug|Any CPU.ActiveCfg = Debug|Any CPU
		{3830A9CE-6ABA-4169-AF85-3965C9DCB45E}.Debug|Any CPU.Build.0 = Debug|Any CPU
		{3830A9CE-6ABA-4169-AF85-3965C9DCB45E}.Release|Any CPU.ActiveCfg = Release|Any CPU
		{3830A9CE-6ABA-4169-AF85-3965C9DCB45E}.Release|Any CPU.Build.0 = Release|Any CPU
		{12FD3E76-FD51-44C9-B5AE-EEA38040EDA0}.Debug|Any CPU.ActiveCfg = Debug|Any CPU
		{12FD3E76-FD51-44C9-B5AE-EEA38040EDA0}.Debug|Any CPU.Build.0 = Debug|Any CPU
		{12FD3E76-FD51-44C9-B5AE-EEA38040EDA0}.Release|Any CPU.ActiveCfg = Release|Any CPU
		{12FD3E76-FD51-44C9-B5AE-EEA38040EDA0}.Release|Any CPU.Build.0 = Release|Any CPU
		{723142D4-07AD-45E0-8804-830C04D755AA}.Debug|Any CPU.ActiveCfg = Debug|Any CPU
		{723142D4-07AD-45E0-8804-830C04D755AA}.Debug|Any CPU.Build.0 = Debug|Any CPU
		{723142D4-07AD-45E0-8804-830C04D755AA}.Release|Any CPU.ActiveCfg = Release|Any CPU
		{723142D4-07AD-45E0-8804-830C04D755AA}.Release|Any CPU.Build.0 = Release|Any CPU
		{AF834FE2-202F-4ECF-8883-51BD0574E731}.Debug|Any CPU.ActiveCfg = Debug|Any CPU
		{AF834FE2-202F-4ECF-8883-51BD0574E731}.Debug|Any CPU.Build.0 = Debug|Any CPU
		{AF834FE2-202F-4ECF-8883-51BD0574E731}.Release|Any CPU.ActiveCfg = Release|Any CPU
		{AF834FE2-202F-4ECF-8883-51BD0574E731}.Release|Any CPU.Build.0 = Release|Any CPU
		{30BE0834-D57C-45D2-BB4C-A949F9D87AB8}.Debug|Any CPU.ActiveCfg = Debug|Any CPU
		{30BE0834-D57C-45D2-BB4C-A949F9D87AB8}.Debug|Any CPU.Build.0 = Debug|Any CPU
		{30BE0834-D57C-45D2-BB4C-A949F9D87AB8}.Release|Any CPU.ActiveCfg = Release|Any CPU
		{30BE0834-D57C-45D2-BB4C-A949F9D87AB8}.Release|Any CPU.Build.0 = Release|Any CPU
		{F1149FF1-AF19-45B5-91B8-2FCDED8B18D5}.Debug|Any CPU.ActiveCfg = Debug|Any CPU
		{F1149FF1-AF19-45B5-91B8-2FCDED8B18D5}.Debug|Any CPU.Build.0 = Debug|Any CPU
		{F1149FF1-AF19-45B5-91B8-2FCDED8B18D5}.Release|Any CPU.ActiveCfg = Release|Any CPU
		{F1149FF1-AF19-45B5-91B8-2FCDED8B18D5}.Release|Any CPU.Build.0 = Release|Any CPU
		{03F5975E-6923-43CC-B975-928F87A873E7}.Debug|Any CPU.ActiveCfg = Debug|Any CPU
		{03F5975E-6923-43CC-B975-928F87A873E7}.Debug|Any CPU.Build.0 = Debug|Any CPU
		{03F5975E-6923-43CC-B975-928F87A873E7}.Release|Any CPU.ActiveCfg = Release|Any CPU
		{03F5975E-6923-43CC-B975-928F87A873E7}.Release|Any CPU.Build.0 = Release|Any CPU
		{6CAF9D98-184B-467E-8CB0-F1FD5B0F0CB7}.Debug|Any CPU.ActiveCfg = Debug|Any CPU
		{6CAF9D98-184B-467E-8CB0-F1FD5B0F0CB7}.Debug|Any CPU.Build.0 = Debug|Any CPU
		{6CAF9D98-184B-467E-8CB0-F1FD5B0F0CB7}.Release|Any CPU.ActiveCfg = Release|Any CPU
		{6CAF9D98-184B-467E-8CB0-F1FD5B0F0CB7}.Release|Any CPU.Build.0 = Release|Any CPU
		{F512B819-6A1A-410E-9AEE-11A3BF04A7C9}.Debug|Any CPU.ActiveCfg = Debug|Any CPU
		{F512B819-6A1A-410E-9AEE-11A3BF04A7C9}.Debug|Any CPU.Build.0 = Debug|Any CPU
		{F512B819-6A1A-410E-9AEE-11A3BF04A7C9}.Release|Any CPU.ActiveCfg = Release|Any CPU
		{F512B819-6A1A-410E-9AEE-11A3BF04A7C9}.Release|Any CPU.Build.0 = Release|Any CPU
		{31BBDBD7-3DF9-4C32-ADB0-4F5FACEE25CF}.Debug|Any CPU.ActiveCfg = Debug|Any CPU
		{31BBDBD7-3DF9-4C32-ADB0-4F5FACEE25CF}.Debug|Any CPU.Build.0 = Debug|Any CPU
		{31BBDBD7-3DF9-4C32-ADB0-4F5FACEE25CF}.Release|Any CPU.ActiveCfg = Release|Any CPU
		{31BBDBD7-3DF9-4C32-ADB0-4F5FACEE25CF}.Release|Any CPU.Build.0 = Release|Any CPU
		{C8E4A389-DC1C-4FE5-944D-FD9614A2841F}.Debug|Any CPU.ActiveCfg = Debug|Any CPU
		{C8E4A389-DC1C-4FE5-944D-FD9614A2841F}.Debug|Any CPU.Build.0 = Debug|Any CPU
		{C8E4A389-DC1C-4FE5-944D-FD9614A2841F}.Release|Any CPU.ActiveCfg = Release|Any CPU
		{C8E4A389-DC1C-4FE5-944D-FD9614A2841F}.Release|Any CPU.Build.0 = Release|Any CPU
	EndGlobalSection
	GlobalSection(SolutionProperties) = preSolution
		HideSolutionNode = FALSE
	EndGlobalSection
	GlobalSection(NestedProjects) = preSolution
		{B0D5ADAC-FDC8-4D52-98FF-90FDD9317091} = {6905151E-67BD-4B7D-B5B1-2E76EA3BB588}
		{17A304BF-7001-4499-A681-0153EB96C571} = {6905151E-67BD-4B7D-B5B1-2E76EA3BB588}
		{09105746-2A27-456F-8CDB-3946B96DFA77} = {6905151E-67BD-4B7D-B5B1-2E76EA3BB588}
		{9C600358-6ABE-40B2-88FA-5594B672BAF3} = {31BB9238-289C-4ED4-BAB4-ADE7BE28A208}
		{30269EE4-F5CD-4F15-92FB-7BE242D1D492} = {31BB9238-289C-4ED4-BAB4-ADE7BE28A208}
		{C8D68E58-3290-45BB-8360-228F8959922E} = {31BB9238-289C-4ED4-BAB4-ADE7BE28A208}
		{F58818F7-A40C-4840-87F4-E9A44C0F044E} = {E3D28FB3-381F-4CFE-8AF0-ABF1A3517A4F}
		{F554E364-D890-4C51-9CCE-F82EC0CD4E13} = {E3D28FB3-381F-4CFE-8AF0-ABF1A3517A4F}
		{4009170C-1B33-457E-B760-1A37B2BBBC23} = {E3D28FB3-381F-4CFE-8AF0-ABF1A3517A4F}
		{C2DAD904-5566-4F81-B49A-CA3C4C94C7B7} = {488E393B-FC66-4333-AC40-3191C7DB359A}
		{9A442738-2087-4B1A-B22C-818C754078DC} = {488E393B-FC66-4333-AC40-3191C7DB359A}
		{6C4B99B4-0C0C-4AD8-BD27-812EAA1C77B3} = {488E393B-FC66-4333-AC40-3191C7DB359A}
		{032B1BD4-04DD-4601-B48B-861513DD764F} = {7A219D9A-3B2A-4308-97BD-21813B281394}
		{3830A9CE-6ABA-4169-AF85-3965C9DCB45E} = {7A219D9A-3B2A-4308-97BD-21813B281394}
		{12FD3E76-FD51-44C9-B5AE-EEA38040EDA0} = {7A219D9A-3B2A-4308-97BD-21813B281394}
		{723142D4-07AD-45E0-8804-830C04D755AA} = {8A87BD90-3209-4215-9A45-EC01A05C15D7}
		{AF834FE2-202F-4ECF-8883-51BD0574E731} = {8A87BD90-3209-4215-9A45-EC01A05C15D7}
		{30BE0834-D57C-45D2-BB4C-A949F9D87AB8} = {8A87BD90-3209-4215-9A45-EC01A05C15D7}
		{F1149FF1-AF19-45B5-91B8-2FCDED8B18D5} = {D3704048-9848-42EB-AA8B-9A8267732A4E}
		{03F5975E-6923-43CC-B975-928F87A873E7} = {D3704048-9848-42EB-AA8B-9A8267732A4E}
		{6CAF9D98-184B-467E-8CB0-F1FD5B0F0CB7} = {D3704048-9848-42EB-AA8B-9A8267732A4E}
		{F512B819-6A1A-410E-9AEE-11A3BF04A7C9} = {C2269E5E-87E4-45FA-948E-448A435AEE73}
		{31BBDBD7-3DF9-4C32-ADB0-4F5FACEE25CF} = {C2269E5E-87E4-45FA-948E-448A435AEE73}
		{C8E4A389-DC1C-4FE5-944D-FD9614A2841F} = {C2269E5E-87E4-45FA-948E-448A435AEE73}
	EndGlobalSection
	GlobalSection(ExtensibilityGlobals) = postSolution
		SolutionGuid = {103722E9-F5B3-4A10-A22C-79E04CDACF77}
	EndGlobalSection
EndGlobal
