
Microsoft Visual Studio Solution File, Format Version 12.00
# Visual Studio Version 17
VisualStudioVersion = 17.7.34024.191
MinimumVisualStudioVersion = 10.0.40219.1
Project("{2150E333-8FDC-42A3-9474-1A3956D46DE8}") = "Task0", "Task0", "{6905151E-67BD-4B7D-B5B1-2E76EA3BB588}"
EndProject
Project("{FAE04EC0-301F-11D3-BF4B-00C04F79EFBC}") = "Tyuiu.AgafonovKS.Sprint6.Task0.V11.Lib", "Tyuiu.AgafonovKS.Sprint6.Task0.V11.Lib\Tyuiu.AgafonovKS.Sprint6.Task0.V11.Lib.csproj", "{B0D5ADAC-FDC8-4D52-98FF-90FDD9317091}"
EndProject
Project("{FAE04EC0-301F-11D3-BF4B-00C04F79EFBC}") = "Tyuiu.AgafonovKS.Sprint6.Task0.V11.Test", "Tyuiu.AgafonovKS.Sprint6.Task0.V11.Test\Tyuiu.AgafonovKS.Sprint6.Task0.V11.Test.csproj", "{17A304BF-7001-4499-A681-0153EB96C571}"
EndProject
Project("{FAE04EC0-301F-11D3-BF4B-00C04F79EFBC}") = "Tyuiu.AgafonovKS.Sprint6.Task0.V11", "Tyuiu.AgafonovKS.Sprint6.Task0.V11\Tyuiu.AgafonovKS.Sprint6.Task0.V11.csproj", "{09105746-2A27-456F-8CDB-3946B96DFA77}"
EndProject
Project("{2150E333-8FDC-42A3-9474-1A3956D46DE8}") = "Task1", "Task1", "{31BB9238-289C-4ED4-BAB4-ADE7BE28A208}"
EndProject
Project("{FAE04EC0-301F-11D3-BF4B-00C04F79EFBC}") = "Tyuiu.AgafonovKS.Sprint6.Task1.V4.Lib", "Tyuiu.AgafonovKS.Sprint6.Task1.V4.Lib\Tyuiu.AgafonovKS.Sprint6.Task1.V4.Lib.csproj", "{9C600358-6ABE-40B2-88FA-5594B672BAF3}"
EndProject
Project("{FAE04EC0-301F-11D3-BF4B-00C04F79EFBC}") = "Tyuiu.AgafonovKS.Sprint6.Task1.V4.Test", "Tyuiu.AgafonovKS.Sprint6.Task1.V4.Test\Tyuiu.AgafonovKS.Sprint6.Task1.V4.Test.csproj", "{30269EE4-F5CD-4F15-92FB-7BE242D1D492}"
EndProject
Project("{FAE04EC0-301F-11D3-BF4B-00C04F79EFBC}") = "Tyuiu.AgafonovKS.Sprint6.Task1.V4", "Tyuiu.AgafonovKS.Sprint6.Task1.V4\Tyuiu.AgafonovKS.Sprint6.Task1.V4.csproj", "{C8D68E58-3290-45BB-8360-228F8959922E}"
EndProject
Project("{2150E333-8FDC-42A3-9474-1A3956D46DE8}") = "Task2", "Task2", "{E3D28FB3-381F-4CFE-8AF0-ABF1A3517A4F}"
EndProject
Project("{FAE04EC0-301F-11D3-BF4B-00C04F79EFBC}") = "Tyuiu.AgafonovKS.Sprint6.Task2.V29.Lib", "Tyuiu.AgafonovKS.Sprint6.Task2.V29.Lib\Tyuiu.AgafonovKS.Sprint6.Task2.V29.Lib.csproj", "{F58818F7-A40C-4840-87F4-E9A44C0F044E}"
EndProject
Project("{FAE04EC0-301F-11D3-BF4B-00C04F79EFBC}") = "Tyuiu.AgafonovKS.Sprint6.Task2.V29.Test", "Tyuiu.AgafonovKS.Sprint6.Task2.V29.Test\Tyuiu.AgafonovKS.Sprint6.Task2.V29.Test.csproj", "{F554E364-D890-4C51-9CCE-F82EC0CD4E13}"
EndProject
Project("{FAE04EC0-301F-11D3-BF4B-00C04F79EFBC}") = "Tyuiu.AgafonovKS.Sprint6.Task2.V29", "Tyuiu.AgafonovKS.Sprint6.Task2.V29\Tyuiu.AgafonovKS.Sprint6.Task2.V29.csproj", "{4009170C-1B33-457E-B760-1A37B2BBBC23}"
EndProject
Global
	GlobalSection(SolutionConfigurationPlatforms) = preSolution
		Debug|Any CPU = Debug|Any CPU
		Release|Any CPU = Release|Any CPU
	EndGlobalSection
	GlobalSection(ProjectConfigurationPlatforms) = postSolution
		{B0D5ADAC-FDC8-4D52-98FF-90FDD9317091}.Debug|Any CPU.ActiveCfg = Debug|Any CPU
		{B0D5ADAC-FDC8-4D52-98FF-90FDD9317091}.Debug|Any CPU.Build.0 = Debug|Any CPU
		{B0D5ADAC-FDC8-4D52-98FF-90FDD9317091}.Release|Any CPU.ActiveCfg = Release|Any CPU
		{B0D5ADAC-FDC8-4D52-98FF-90FDD9317091}.Release|Any CPU.Build.0 = Release|Any CPU
		{17A304BF-7001-4499-A681-0153EB96C571}.Debug|Any CPU.ActiveCfg = Debug|Any CPU
		{17A304BF-7001-4499-A681-0153EB96C571}.Debug|Any CPU.Build.0 = Debug|Any CPU
		{17A304BF-7001-4499-A681-0153EB96C571}.Release|Any CPU.ActiveCfg = Release|Any CPU
		{17A304BF-7001-4499-A681-0153EB96C571}.Release|Any CPU.Build.0 = Release|Any CPU
		{09105746-2A27-456F-8CDB-3946B96DFA77}.Debug|Any CPU.ActiveCfg = Debug|Any CPU
		{09105746-2A27-456F-8CDB-3946B96DFA77}.Debug|Any CPU.Build.0 = Debug|Any CPU
		{09105746-2A27-456F-8CDB-3946B96DFA77}.Release|Any CPU.ActiveCfg = Release|Any CPU
		{09105746-2A27-456F-8CDB-3946B96DFA77}.Release|Any CPU.Build.0 = Release|Any CPU
		{9C600358-6ABE-40B2-88FA-5594B672BAF3}.Debug|Any CPU.ActiveCfg = Debug|Any CPU
		{9C600358-6ABE-40B2-88FA-5594B672BAF3}.Debug|Any CPU.Build.0 = Debug|Any CPU
		{9C600358-6ABE-40B2-88FA-5594B672BAF3}.Release|Any CPU.ActiveCfg = Release|Any CPU
		{9C600358-6ABE-40B2-88FA-5594B672BAF3}.Release|Any CPU.Build.0 = Release|Any CPU
		{30269EE4-F5CD-4F15-92FB-7BE242D1D492}.Debug|Any CPU.ActiveCfg = Debug|Any CPU
		{30269EE4-F5CD-4F15-92FB-7BE242D1D492}.Debug|Any CPU.Build.0 = Debug|Any CPU
		{30269EE4-F5CD-4F15-92FB-7BE242D1D492}.Release|Any CPU.ActiveCfg = Release|Any CPU
		{30269EE4-F5CD-4F15-92FB-7BE242D1D492}.Release|Any CPU.Build.0 = Release|Any CPU
		{C8D68E58-3290-45BB-8360-228F8959922E}.Debug|Any CPU.ActiveCfg = Debug|Any CPU
		{C8D68E58-3290-45BB-8360-228F8959922E}.Debug|Any CPU.Build.0 = Debug|Any CPU
		{C8D68E58-3290-45BB-8360-228F8959922E}.Release|Any CPU.ActiveCfg = Release|Any CPU
		{C8D68E58-3290-45BB-8360-228F8959922E}.Release|Any CPU.Build.0 = Release|Any CPU
		{F58818F7-A40C-4840-87F4-E9A44C0F044E}.Debug|Any CPU.ActiveCfg = Debug|Any CPU
		{F58818F7-A40C-4840-87F4-E9A44C0F044E}.Debug|Any CPU.Build.0 = Debug|Any CPU
		{F58818F7-A40C-4840-87F4-E9A44C0F044E}.Release|Any CPU.ActiveCfg = Release|Any CPU
		{F58818F7-A40C-4840-87F4-E9A44C0F044E}.Release|Any CPU.Build.0 = Release|Any CPU
		{F554E364-D890-4C51-9CCE-F82EC0CD4E13}.Debug|Any CPU.ActiveCfg = Debug|Any CPU
		{F554E364-D890-4C51-9CCE-F82EC0CD4E13}.Debug|Any CPU.Build.0 = Debug|Any CPU
		{F554E364-D890-4C51-9CCE-F82EC0CD4E13}.Release|Any CPU.ActiveCfg = Release|Any CPU
		{F554E364-D890-4C51-9CCE-F82EC0CD4E13}.Release|Any CPU.Build.0 = Release|Any CPU
		{4009170C-1B33-457E-B760-1A37B2BBBC23}.Debug|Any CPU.ActiveCfg = Debug|Any CPU
		{4009170C-1B33-457E-B760-1A37B2BBBC23}.Debug|Any CPU.Build.0 = Debug|Any CPU
		{4009170C-1B33-457E-B760-1A37B2BBBC23}.Release|Any CPU.ActiveCfg = Release|Any CPU
		{4009170C-1B33-457E-B760-1A37B2BBBC23}.Release|Any CPU.Build.0 = Release|Any CPU
	EndGlobalSection
	GlobalSection(SolutionProperties) = preSolution
		HideSolutionNode = FALSE
	EndGlobalSection
	GlobalSection(NestedProjects) = preSolution
		{B0D5ADAC-FDC8-4D52-98FF-90FDD9317091} = {6905151E-67BD-4B7D-B5B1-2E76EA3BB588}
		{17A304BF-7001-4499-A681-0153EB96C571} = {6905151E-67BD-4B7D-B5B1-2E76EA3BB588}
		{09105746-2A27-456F-8CDB-3946B96DFA77} = {6905151E-67BD-4B7D-B5B1-2E76EA3BB588}
		{9C600358-6ABE-40B2-88FA-5594B672BAF3} = {31BB9238-289C-4ED4-BAB4-ADE7BE28A208}
		{30269EE4-F5CD-4F15-92FB-7BE242D1D492} = {31BB9238-289C-4ED4-BAB4-ADE7BE28A208}
		{C8D68E58-3290-45BB-8360-228F8959922E} = {31BB9238-289C-4ED4-BAB4-ADE7BE28A208}
		{F58818F7-A40C-4840-87F4-E9A44C0F044E} = {E3D28FB3-381F-4CFE-8AF0-ABF1A3517A4F}
		{F554E364-D890-4C51-9CCE-F82EC0CD4E13} = {E3D28FB3-381F-4CFE-8AF0-ABF1A3517A4F}
		{4009170C-1B33-457E-B760-1A37B2BBBC23} = {E3D28FB3-381F-4CFE-8AF0-ABF1A3517A4F}
	EndGlobalSection
	GlobalSection(ExtensibilityGlobals) = postSolution
		SolutionGuid = {103722E9-F5B3-4A10-A22C-79E04CDACF77}
	EndGlobalSection
EndGlobal
